
Microsoft Visual Studio Solution File, Format Version 12.00
# Visual Studio Version 17
VisualStudioVersion = 17.5.33516.290
MinimumVisualStudioVersion = 10.0.40219.1
Project("{FAE04EC0-301F-11D3-BF4B-00C04F79EFBC}") = "Snake_Game", "Snake_Game\Snake_Game.csproj", "{18B8517A-BFD9-4DE7-9860-39606D650255}"
EndProject
Global
	GlobalSection(SolutionConfigurationPlatforms) = preSolution
		Debug|Any CPU = Debug|Any CPU
		Release|Any CPU = Release|Any CPU
	EndGlobalSection
	GlobalSection(ProjectConfigurationPlatforms) = postSolution
		{18B8517A-BFD9-4DE7-9860-39606D650255}.Debug|Any CPU.ActiveCfg = Debug|Any CPU
		{18B8517A-BFD9-4DE7-9860-39606D650255}.Debug|Any CPU.Build.0 = Debug|Any CPU
		{18B8517A-BFD9-4DE7-9860-39606D650255}.Release|Any CPU.ActiveCfg = Release|Any CPU
		{18B8517A-BFD9-4DE7-9860-39606D650255}.Release|Any CPU.Build.0 = Release|Any CPU
	EndGlobalSection
	GlobalSection(SolutionProperties) = preSolution
		HideSolutionNode = FALSE
	EndGlobalSection
	GlobalSection(ExtensibilityGlobals) = postSolution
		SolutionGuid = {21E6846E-01E2-493F-9FCF-71FD8C35B6AC}
	EndGlobalSection
EndGlobal
